[[dependencies]]
name = "@openzeppelin-contracts"
version = "5.7.0"
url = "https://soldeer-revisions.s3.amazonaws.com/@openzeppelin-contracts/5_7_0_29-07-2026_19:34:46_contracts.zip"
checksum = "fe08a24bc34334b2976c6ad69a0d74bdfa63de8a5c8528579060f25a11fb5cd5"
integrity = "3e13bc4d96bdef6e35f6b1e0dc0e455843a958edc597750dff20ca50295b767d"

[[dependencies]]
name = "@openzeppelin-contracts-upgradeable"
version = "5.7.0"
url = "https://soldeer-revisions.s3.amazonaws.com/@openzeppelin-contracts-upgradeable/5_7_0_29-07-2026_19:34:58_contracts-upgradeable.zip"
checksum = "fba3ad8586bf64281bab2aecd2cf0eb31227ccc5976f962d400e8cc5898da413"
integrity = "1a08068b2fe262d4f6ae80e0be44965480b1a532d40722c80634d8963337743d"

[[dependencies]]
name = "anoma-forwarder-bases"
version = "3.0.0"
url = "https://soldeer-revisions.s3.amazonaws.com/anoma-forwarder-bases/3_0_0_24-08-2026_07:42:17_contracts.zip"
checksum = "567f292892a2e2708ad8869b797492dd2d705f086e45ac5033f6e2a651422ef3"
integrity = "0c8a4d6236e39045dc6140cf14ce9a3d4e3a9c8c9e0ce75ab9b0eb21d178c127"

[[dependencies]]
name = "anomapay-erc20-forwarder"
version = "2.0.0-rc.0"
url = "https://soldeer-revisions.s3.amazonaws.com/anomapay-erc20-forwarder/2_0_0-rc_0_24-08-2026_16:12:08_contracts.zip"
checksum = "6fec44940bcd218a0f4cc2182faec3b92c17f1195ea147eaa2ef791f4de0dfb1"
integrity = "4138a28a6a821f6bca3b0d7fbc9db23c566709403b1178a073d3cdf1599d59ca"

[[dependencies]]
name = "forge-std"
version = "1.16.2"
url = "https://soldeer-revisions.s3.amazonaws.com/forge-std/1_16_2_03-07-2026_07:37:45_forge-std-1.16.zip"
checksum = "405dccc9d60d753f6abc412b4adf0359f4390f65dbadbbb277a12b4946ed8969"
integrity = "5fb4325b60d7d4194bd0481e2f94398cf1d9c6561dd12a66fb2748ef4a68205f"

[[dependencies]]
name = "solady"
version = "0.1.26"
url = "https://soldeer-revisions.s3.amazonaws.com/solady/0_1_26_25-08-2025_15:30:06_solady.zip"
checksum = "9872ac7cfd32c1eba32800508a1325c49f4a4aa8c6f670454db91971a583e26b"
integrity = "5da4b5ca9cbad98812a4b75ad528ff34c72a0b84433204be6d1420c81de1d6ff"

[[dependencies]]
name = "uniswap-permit2"
version = "0x000000000022D473030F116dDEE9F6B43aC78BA3"
url = "https://soldeer-revisions.s3.amazonaws.com/uniswap-permit2/0x000000000022D473030F116dDEE9F6B43aC78BA3_11-11-2024_08:00:23_permit2.zip"
checksum = "d4fb59a5d0b9bb91c6800b55a0fa4037dcf4d2a17e55750ffb369572a4dd5906"
integrity = "f6bf065eff421cce36d7b4b6d79091c4b2fdd75c9e6aac5da8dcda84cb1d3041"
