version = 2

[[dependencies]]
name = "@openzeppelin-contracts"
version = "5.7.0"
url = "https://soldeer-revisions.s3.amazonaws.com/@openzeppelin-contracts/5_7_0_29-07-2026_19:34:46_contracts.zip"
checksum = "fe08a24bc34334b2976c6ad69a0d74bdfa63de8a5c8528579060f25a11fb5cd5"
integrity = "3e13bc4d96bdef6e35f6b1e0dc0e455843a958edc597750dff20ca50295b767d"

[[dependencies]]
name = "@openzeppelin-contracts-upgradeable"
version = "5.7.0"
url = "https://soldeer-revisions.s3.amazonaws.com/@openzeppelin-contracts-upgradeable/5_7_0_29-07-2026_19:34:58_contracts-upgradeable.zip"
checksum = "fba3ad8586bf64281bab2aecd2cf0eb31227ccc5976f962d400e8cc5898da413"
integrity = "1a08068b2fe262d4f6ae80e0be44965480b1a532d40722c80634d8963337743d"

[[dependencies]]
name = "anoma-forwarder-bases"
version = "3.0.1"
url = "https://soldeer-revisions.s3.amazonaws.com/anoma-forwarder-bases/3_0_1_02-10-2026_07:37:10_contracts.zip"
checksum = "6847369177f5a13d13e95cdf3dbcbbd1cf82c5833afc5e5de8894cee8540cea7"
integrity = "b2448714fd44f39f370b48736bd3047dd8af57461abd2f9301823720191b8194"

[[dependencies]]
name = "anoma-pa-evm"
version = "2.0.0-rc.9"
url = "https://soldeer-revisions.s3.amazonaws.com/anoma-pa-evm/2_0_0-rc_9_09-10-2026_10:07:06_contracts.zip"
checksum = "a022067a75951baae8c24d974916ad4c52dfff75d92a2962fa518bb98b122ccc"
integrity = "d13482a0a6921bceb568bf4666d978135041ac8e53766b917dd4309bccdff137"

[[dependencies]]
name = "anomapay-erc20-forwarder"
version = "2.0.0-rc.4"
url = "https://soldeer-revisions.s3.amazonaws.com/anomapay-erc20-forwarder/2_0_0-rc_4_02-10-2026_15:48:00_contracts.zip"
checksum = "6739746ae91c8cbd83b3e8eec0045afb2014fa81978d90fc9fe8d2db47f5ca86"
integrity = "f21b7b2cb44c753d56f0d7ab024dd1584618034667ab952a4c755922c0e68262"

[[dependencies]]
name = "forge-std"
version = "1.17.0"
url = "https://soldeer-revisions.s3.amazonaws.com/forge-std/1_17_0_01-10-2026_10:59:49_forge-std-1.17.zip"
checksum = "a77ad38d5fbef0ec10d1f4d191698e5fbaa2bffbee5d1aced91a39da5e9b908c"
integrity = "fa706c8a7caf3426c90f75e6aafa3224b0a6c899b490800cf6944e4ec42f9344"

[[dependencies]]
name = "solady"
version = "0.1.26"
url = "https://soldeer-revisions.s3.amazonaws.com/solady/0_1_26_25-08-2025_15:30:06_solady.zip"
checksum = "9872ac7cfd32c1eba32800508a1325c49f4a4aa8c6f670454db91971a583e26b"
integrity = "5da4b5ca9cbad98812a4b75ad528ff34c72a0b84433204be6d1420c81de1d6ff"

[[dependencies]]
name = "uniswap-permit2"
version = "0x000000000022D473030F116dDEE9F6B43aC78BA3"
url = "https://soldeer-revisions.s3.amazonaws.com/uniswap-permit2/0x000000000022D473030F116dDEE9F6B43aC78BA3_11-11-2024_08:00:23_permit2.zip"
checksum = "d4fb59a5d0b9bb91c6800b55a0fa4037dcf4d2a17e55750ffb369572a4dd5906"
integrity = "3b6d05d1cac157a97b61622c2c3de476c039bb1bd3f54159d0001948030a908b"
