[[dependencies]]
name = "@openzeppelin-contracts"
version = "5.6.1"
url = "https://soldeer-revisions.s3.amazonaws.com/@openzeppelin-contracts/5_6_1_15-03-2026_09:19:50_contracts.zip"
checksum = "a3b6bc661be858c7c27f60a1708cbebe8c71034b4cc1e9fe270d0a05b069352f"
integrity = "bce03af7ada1eee21a7fff393f238bcd7cd75a022a4db55ffb6b0dbb32433d35"

[[dependencies]]
name = "anoma-forwarder-bases"
version = "1.0.0-rc.3"
url = "https://soldeer-revisions.s3.amazonaws.com/anoma-forwarder-bases/1_0_0-rc_3_11-06-2026_11:53:46_contracts.zip"
checksum = "ef9802c435049e9139020f1a2ddc6decece9afcd689275e9bb0ff566a36ec1fd"
integrity = "2a27fa3b3a490ed45d75191fc561dff9d4eab202201d8e71dd3d76b5051b9f06"

[[dependencies]]
name = "anomapay-erc20-forwarder"
version = "1.1.0-rc.2"
url = "https://soldeer-revisions.s3.amazonaws.com/anomapay-erc20-forwarder/1_1_0-rc_2_11-06-2026_13:35:35_contracts.zip"
checksum = "6a283016d4019116a814576796957aa8cf38be81cc9ce2057f9ca7a4a948dd90"
integrity = "a21f6ff5e5b010e6fb0661733de5c15142b9092b98e0d2e4935c35ce0053422e"

[[dependencies]]
name = "forge-std"
version = "1.16.1"
url = "https://soldeer-revisions.s3.amazonaws.com/forge-std/1_16_1_08-05-2026_08:51:16_forge-std-1.16.zip"
checksum = "839b61832925c7152c7b6dffbfa4998d9e606211179bd8f604733124e8a7cb57"
integrity = "60e55d10150354ca4a1e2985c5456c834b92b82ef85ab0e1d92a7786cddbd219"

[[dependencies]]
name = "solady"
version = "0.1.26"
url = "https://soldeer-revisions.s3.amazonaws.com/solady/0_1_26_25-08-2025_15:30:06_solady.zip"
checksum = "9872ac7cfd32c1eba32800508a1325c49f4a4aa8c6f670454db91971a583e26b"
integrity = "5da4b5ca9cbad98812a4b75ad528ff34c72a0b84433204be6d1420c81de1d6ff"

[[dependencies]]
name = "uniswap-permit2"
version = "0x000000000022D473030F116dDEE9F6B43aC78BA3"
url = "https://soldeer-revisions.s3.amazonaws.com/uniswap-permit2/0x000000000022D473030F116dDEE9F6B43aC78BA3_11-11-2024_08:00:23_permit2.zip"
checksum = "d4fb59a5d0b9bb91c6800b55a0fa4037dcf4d2a17e55750ffb369572a4dd5906"
integrity = "775a6885592b17bdc4556ca41127bf30c0d117264a6a494e37865f1ca28bcb0c"
